// !$*UTF8*$!
{
	archiveVersion = 1;
	classes = {
	};
	objectVersion = 46;
	objects = {

/* Begin PBXBuildFile section */
		3726D44116E6AB1C00A7CF37 /* DetailViewController.m in Sources */ = {isa = PBXBuildFile; fileRef = 3726D44016E6AB1C00A7CF37 /* DetailViewController.m */; };
		3726D44516E6EF1300A7CF37 /* dog_image.png in Resources */ = {isa = PBXBuildFile; fileRef = 3726D44216E6EF1300A7CF37 /* dog_image.png */; };
		3726D44616E6EF1300A7CF37 /* narwhal_image.png in Resources */ = {isa = PBXBuildFile; fileRef = 3726D44316E6EF1300A7CF37 /* narwhal_image.png */; };
		3726D44716E6EF1300A7CF37 /* pig_image.png in Resources */ = {isa = PBXBuildFile; fileRef = 3726D44416E6EF1300A7CF37 /* pig_image.png */; };
		37D48BA716E5C22700108733 /* UIKit.framework in Frameworks */ = {isa = PBXBuildFile; fileRef = 37D48BA616E5C22700108733 /* UIKit.framework */; };
		37D48BA916E5C22700108733 /* Foundation.framework in Frameworks */ = {isa = PBXBuildFile; fileRef = 37D48BA816E5C22700108733 /* Foundation.framework */; };
		37D48BAB16E5C22700108733 /* CoreGraphics.framework in Frameworks */ = {isa = PBXBuildFile; fileRef = 37D48BAA16E5C22700108733 /* CoreGraphics.framework */; };
		37D48BB116E5C22700108733 /* InfoPlist.strings in Resources */ = {isa = PBXBuildFile; fileRef = 37D48BAF16E5C22700108733 /* InfoPlist.strings */; };
		37D48BB316E5C22700108733 /* main.m in Sources */ = {isa = PBXBuildFile; fileRef = 37D48BB216E5C22700108733 /* main.m */; };
		37D48BB716E5C22700108733 /* AppDelegate.m in Sources */ = {isa = PBXBuildFile; fileRef = 37D48BB616E5C22700108733 /* AppDelegate.m */; };
		37D48BB916E5C22700108733 /* Default.png in Resources */ = {isa = PBXBuildFile; fileRef = 37D48BB816E5C22700108733 /* Default.png */; };
		37D48BBB16E5C22700108733 /* Default@2x.png in Resources */ = {isa = PBXBuildFile; fileRef = 37D48BBA16E5C22700108733 /* Default@2x.png */; };
		37D48BBD16E5C22700108733 /* Default-568h@2x.png in Resources */ = {isa = PBXBuildFile; fileRef = 37D48BBC16E5C22700108733 /* Default-568h@2x.png */; };
		37D48BC016E5C22700108733 /* MainStoryboard.storyboard in Resources */ = {isa = PBXBuildFile; fileRef = 37D48BBE16E5C22700108733 /* MainStoryboard.storyboard */; };
		37D48BC316E5C22700108733 /* ViewController.m in Sources */ = {isa = PBXBuildFile; fileRef = 37D48BC216E5C22700108733 /* ViewController.m */; };
		37D48BCB16E5C3ED00108733 /* Animal.m in Sources */ = {isa = PBXBuildFile; fileRef = 37D48BCA16E5C3ED00108733 /* Animal.m */; };
/* End PBXBuildFile section */

/* Begin PBXFileReference section */
		3726D43F16E6AB1C00A7CF37 /* DetailViewController.h */ = {isa = PBXFileReference; fileEncoding = 4; lastKnownFileType = sourcecode.c.h; path = DetailViewController.h; sourceTree = "<group>"; };
		3726D44016E6AB1C00A7CF37 /* DetailViewController.m */ = {isa = PBXFileReference; fileEncoding = 4; lastKnownFileType = sourcecode.c.objc; path = DetailViewController.m; sourceTree = "<group>"; };
		3726D44216E6EF1300A7CF37 /* dog_image.png */ = {isa = PBXFileReference; lastKnownFileType = image.png; path = dog_image.png; sourceTree = "<group>"; };
		3726D44316E6EF1300A7CF37 /* narwhal_image.png */ = {isa = PBXFileReference; lastKnownFileType = image.png; path = narwhal_image.png; sourceTree = "<group>"; };
		3726D44416E6EF1300A7CF37 /* pig_image.png */ = {isa = PBXFileReference; lastKnownFileType = image.png; path = pig_image.png; sourceTree = "<group>"; };
		37D48BA316E5C22700108733 /* ItsAZooInThere.app */ = {isa = PBXFileReference; explicitFileType = wrapper.application; includeInIndex = 0; path = ItsAZooInThere.app; sourceTree = BUILT_PRODUCTS_DIR; };
		37D48BA616E5C22700108733 /* UIKit.framework */ = {isa = PBXFileReference; lastKnownFileType = wrapper.framework; name = UIKit.framework; path = System/Library/Frameworks/UIKit.framework; sourceTree = SDKROOT; };
		37D48BA816E5C22700108733 /* Foundation.framework */ = {isa = PBXFileReference; lastKnownFileType = wrapper.framework; name = Foundation.framework; path = System/Library/Frameworks/Foundation.framework; sourceTree = SDKROOT; };
		37D48BAA16E5C22700108733 /* CoreGraphics.framework */ = {isa = PBXFileReference; lastKnownFileType = wrapper.framework; name = CoreGraphics.framework; path = System/Library/Frameworks/CoreGraphics.framework; sourceTree = SDKROOT; };
		37D48BAE16E5C22700108733 /* ItsAZooInThere-Info.plist */ = {isa = PBXFileReference; lastKnownFileType = text.plist.xml; path = "ItsAZooInThere-Info.plist"; sourceTree = "<group>"; };
		37D48BB016E5C22700108733 /* en */ = {isa = PBXFileReference; lastKnownFileType = text.plist.strings; name = en; path = en.lproj/InfoPlist.strings; sourceTree = "<group>"; };
		37D48BB216E5C22700108733 /* main.m */ = {isa = PBXFileReference; lastKnownFileType = sourcecode.c.objc; path = main.m; sourceTree = "<group>"; };
		37D48BB416E5C22700108733 /* ItsAZooInThere-Prefix.pch */ = {isa = PBXFileReference; lastKnownFileType = sourcecode.c.h; path = "ItsAZooInThere-Prefix.pch"; sourceTree = "<group>"; };
		37D48BB516E5C22700108733 /* AppDelegate.h */ = {isa = PBXFileReference; lastKnownFileType = sourcecode.c.h; path = AppDelegate.h; sourceTree = "<group>"; };
		37D48BB616E5C22700108733 /* AppDelegate.m */ = {isa = PBXFileReference; lastKnownFileType = sourcecode.c.objc; path = AppDelegate.m; sourceTree = "<group>"; };
		37D48BB816E5C22700108733 /* Default.png */ = {isa = PBXFileReference; lastKnownFileType = image.png; path = Default.png; sourceTree = "<group>"; };
		37D48BBA16E5C22700108733 /* Default@2x.png */ = {isa = PBXFileReference; lastKnownFileType = image.png; path = "Default@2x.png"; sourceTree = "<group>"; };
		37D48BBC16E5C22700108733 /* Default-568h@2x.png */ = {isa = PBXFileReference; lastKnownFileType = image.png; path = "Default-568h@2x.png"; sourceTree = "<group>"; };
		37D48BBF16E5C22700108733 /* en */ = {isa = PBXFileReference; lastKnownFileType = file.storyboard; name = en; path = en.lproj/MainStoryboard.storyboard; sourceTree = "<group>"; };
		37D48BC116E5C22700108733 /* ViewController.h */ = {isa = PBXFileReference; lastKnownFileType = sourcecode.c.h; path = ViewController.h; sourceTree = "<group>"; };
		37D48BC216E5C22700108733 /* ViewController.m */ = {isa = PBXFileReference; lastKnownFileType = sourcecode.c.objc; path = ViewController.m; sourceTree = "<group>"; };
		37D48BC916E5C3ED00108733 /* Animal.h */ = {isa = PBXFileReference; fileEncoding = 4; lastKnownFileType = sourcecode.c.h; name = Animal.h; path = ItsAZooInThere/Animal.h; sourceTree = "<group>"; };
		37D48BCA16E5C3ED00108733 /* Animal.m */ = {isa = PBXFileReference; fileEncoding = 4; lastKnownFileType = sourcecode.c.objc; name = Animal.m; path = ItsAZooInThere/Animal.m; sourceTree = "<group>"; };
/* End PBXFileReference section */

/* Begin PBXFrameworksBuildPhase section */
		37D48BA016E5C22700108733 /* Frameworks */ = {
			isa = PBXFrameworksBuildPhase;
			buildActionMask = 2147483647;
			files = (
				37D48BA716E5C22700108733 /* UIKit.framework in Frameworks */,
				37D48BA916E5C22700108733 /* Foundation.framework in Frameworks */,
				37D48BAB16E5C22700108733 /* CoreGraphics.framework in Frameworks */,
			);
			runOnlyForDeploymentPostprocessing = 0;
		};
/* End PBXFrameworksBuildPhase section */

/* Begin PBXGroup section */
		37D48B9A16E5C22700108733 = {
			isa = PBXGroup;
			children = (
				37D48BAC16E5C22700108733 /* ItsAZooInThere */,
				37D48BA516E5C22700108733 /* Frameworks */,
				37D48BA416E5C22700108733 /* Products */,
			);
			sourceTree = "<group>";
		};
		37D48BA416E5C22700108733 /* Products */ = {
			isa = PBXGroup;
			children = (
				37D48BA316E5C22700108733 /* ItsAZooInThere.app */,
			);
			name = Products;
			sourceTree = "<group>";
		};
		37D48BA516E5C22700108733 /* Frameworks */ = {
			isa = PBXGroup;
			children = (
				37D48BA616E5C22700108733 /* UIKit.framework */,
				37D48BA816E5C22700108733 /* Foundation.framework */,
				37D48BAA16E5C22700108733 /* CoreGraphics.framework */,
			);
			name = Frameworks;
			sourceTree = "<group>";
		};
		37D48BAC16E5C22700108733 /* ItsAZooInThere */ = {
			isa = PBXGroup;
			children = (
				37D48BCC16E5C42800108733 /* Data Model */,
				37D48BB516E5C22700108733 /* AppDelegate.h */,
				37D48BB616E5C22700108733 /* AppDelegate.m */,
				37D48BBE16E5C22700108733 /* MainStoryboard.storyboard */,
				37D48BC116E5C22700108733 /* ViewController.h */,
				37D48BC216E5C22700108733 /* ViewController.m */,
				3726D43F16E6AB1C00A7CF37 /* DetailViewController.h */,
				3726D44016E6AB1C00A7CF37 /* DetailViewController.m */,
				37D48BAD16E5C22700108733 /* Supporting Files */,
			);
			path = ItsAZooInThere;
			sourceTree = "<group>";
		};
		37D48BAD16E5C22700108733 /* Supporting Files */ = {
			isa = PBXGroup;
			children = (
				3726D44216E6EF1300A7CF37 /* dog_image.png */,
				3726D44316E6EF1300A7CF37 /* narwhal_image.png */,
				3726D44416E6EF1300A7CF37 /* pig_image.png */,
				37D48BAE16E5C22700108733 /* ItsAZooInThere-Info.plist */,
				37D48BAF16E5C22700108733 /* InfoPlist.strings */,
				37D48BB216E5C22700108733 /* main.m */,
				37D48BB416E5C22700108733 /* ItsAZooInThere-Prefix.pch */,
				37D48BB816E5C22700108733 /* Default.png */,
				37D48BBA16E5C22700108733 /* Default@2x.png */,
				37D48BBC16E5C22700108733 /* Default-568h@2x.png */,
			);
			name = "Supporting Files";
			sourceTree = "<group>";
		};
		37D48BCC16E5C42800108733 /* Data Model */ = {
			isa = PBXGroup;
			children = (
				37D48BC916E5C3ED00108733 /* Animal.h */,
				37D48BCA16E5C3ED00108733 /* Animal.m */,
			);
			name = "Data Model";
			path = ..;
			sourceTree = "<group>";
		};
/* End PBXGroup section */

/* Begin PBXNativeTarget section */
		37D48BA216E5C22700108733 /* ItsAZooInThere */ = {
			isa = PBXNativeTarget;
			buildConfigurationList = 37D48BC616E5C22700108733 /* Build configuration list for PBXNativeTarget "ItsAZooInThere" */;
			buildPhases = (
				37D48B9F16E5C22700108733 /* Sources */,
				37D48BA016E5C22700108733 /* Frameworks */,
				37D48BA116E5C22700108733 /* Resources */,
			);
			buildRules = (
			);
			dependencies = (
			);
			name = ItsAZooInThere;
			productName = ItsAZooInThere;
			productReference = 37D48BA316E5C22700108733 /* ItsAZooInThere.app */;
			productType = "com.apple.product-type.application";
		};
/* End PBXNativeTarget section */

/* Begin PBXProject section */
		37D48B9B16E5C22700108733 /* Project object */ = {
			isa = PBXProject;
			attributes = {
				LastUpgradeCheck = 0460;
				ORGANIZATIONNAME = "T. Andrew Binkowski";
			};
			buildConfigurationList = 37D48B9E16E5C22700108733 /* Build configuration list for PBXProject "ItsAZooInThere" */;
			compatibilityVersion = "Xcode 3.2";
			developmentRegion = English;
			hasScannedForEncodings = 0;
			knownRegions = (
				en,
			);
			mainGroup = 37D48B9A16E5C22700108733;
			productRefGroup = 37D48BA416E5C22700108733 /* Products */;
			projectDirPath = "";
			projectRoot = "";
			targets = (
				37D48BA216E5C22700108733 /* ItsAZooInThere */,
			);
		};
/* End PBXProject section */

/* Begin PBXResourcesBuildPhase section */
		37D48BA116E5C22700108733 /* Resources */ = {
			isa = PBXResourcesBuildPhase;
			buildActionMask = 2147483647;
			files = (
				37D48BB116E5C22700108733 /* InfoPlist.strings in Resources */,
				37D48BB916E5C22700108733 /* Default.png in Resources */,
				37D48BBB16E5C22700108733 /* Default@2x.png in Resources */,
				37D48BBD16E5C22700108733 /* Default-568h@2x.png in Resources */,
				37D48BC016E5C22700108733 /* MainStoryboard.storyboard in Resources */,
				3726D44516E6EF1300A7CF37 /* dog_image.png in Resources */,
				3726D44616E6EF1300A7CF37 /* narwhal_image.png in Resources */,
				3726D44716E6EF1300A7CF37 /* pig_image.png in Resources */,
			);
			runOnlyForDeploymentPostprocessing = 0;
		};
/* End PBXResourcesBuildPhase section */

/* Begin PBXSourcesBuildPhase section */
		37D48B9F16E5C22700108733 /* Sources */ = {
			isa = PBXSourcesBuildPhase;
			buildActionMask = 2147483647;
			files = (
				37D48BB316E5C22700108733 /* main.m in Sources */,
				37D48BB716E5C22700108733 /* AppDelegate.m in Sources */,
				37D48BC316E5C22700108733 /* ViewController.m in Sources */,
				37D48BCB16E5C3ED00108733 /* Animal.m in Sources */,
				3726D44116E6AB1C00A7CF37 /* DetailViewController.m in Sources */,
			);
			runOnlyForDeploymentPostprocessing = 0;
		};
/* End PBXSourcesBuildPhase section */

/* Begin PBXVariantGroup section */
		37D48BAF16E5C22700108733 /* InfoPlist.strings */ = {
			isa = PBXVariantGroup;
			children = (
				37D48BB016E5C22700108733 /* en */,
			);
			name = InfoPlist.strings;
			sourceTree = "<group>";
		};
		37D48BBE16E5C22700108733 /* MainStoryboard.storyboard */ = {
			isa = PBXVariantGroup;
			children = (
				37D48BBF16E5C22700108733 /* en */,
			);
			name = MainStoryboard.storyboard;
			sourceTree = "<group>";
		};
/* End PBXVariantGroup section */

/* Begin XCBuildConfiguration section */
		37D48BC416E5C22700108733 /* Debug */ = {
			isa = XCBuildConfiguration;
			buildSettings = {
				ALWAYS_SEARCH_USER_PATHS = NO;
				CLANG_CXX_LANGUAGE_STANDARD = "gnu++0x";
				CLANG_CXX_LIBRARY = "libc++";
				CLANG_ENABLE_OBJC_ARC = YES;
				CLANG_WARN_CONSTANT_CONVERSION = YES;
				CLANG_WARN_EMPTY_BODY = YES;
				CLANG_WARN_ENUM_CONVERSION = YES;
				CLANG_WARN_INT_CONVERSION = YES;
				CLANG_WARN__DUPLICATE_METHOD_MATCH = YES;
				"CODE_SIGN_IDENTITY[sdk=iphoneos*]" = "iPhone Developer";
				COPY_PHASE_STRIP = NO;
				GCC_C_LANGUAGE_STANDARD = gnu99;
				GCC_DYNAMIC_NO_PIC = NO;
				GCC_OPTIMIZATION_LEVEL = 0;
				GCC_PREPROCESSOR_DEFINITIONS = (
					"DEBUG=1",
					"$(inherited)",
				);
				GCC_SYMBOLS_PRIVATE_EXTERN = NO;
				GCC_WARN_ABOUT_RETURN_TYPE = YES;
				GCC_WARN_UNINITIALIZED_AUTOS = YES;
				GCC_WARN_UNUSED_VARIABLE = YES;
				IPHONEOS_DEPLOYMENT_TARGET = 6.1;
				ONLY_ACTIVE_ARCH = YES;
				SDKROOT = iphoneos;
			};
			name = Debug;
		};
		37D48BC516E5C22700108733 /* Release */ = {
			isa = XCBuildConfiguration;
			buildSettings = {
				ALWAYS_SEARCH_USER_PATHS = NO;
				CLANG_CXX_LANGUAGE_STANDARD = "gnu++0x";
				CLANG_CXX_LIBRARY = "libc++";
				CLANG_ENABLE_OBJC_ARC = YES;
				CLANG_WARN_CONSTANT_CONVERSION = YES;
				CLANG_WARN_EMPTY_BODY = YES;
				CLANG_WARN_ENUM_CONVERSION = YES;
				CLANG_WARN_INT_CONVERSION = YES;
				CLANG_WARN__DUPLICATE_METHOD_MATCH = YES;
				"CODE_SIGN_IDENTITY[sdk=iphoneos*]" = "iPhone Developer";
				COPY_PHASE_STRIP = YES;
				GCC_C_LANGUAGE_STANDARD = gnu99;
				GCC_WARN_ABOUT_RETURN_TYPE = YES;
				GCC_WARN_UNINITIALIZED_AUTOS = YES;
				GCC_WARN_UNUSED_VARIABLE = YES;
				IPHONEOS_DEPLOYMENT_TARGET = 6.1;
				OTHER_CFLAGS = "-DNS_BLOCK_ASSERTIONS=1";
				SDKROOT = iphoneos;
				VALIDATE_PRODUCT = YES;
			};
			name = Release;
		};
		37D48BC716E5C22700108733 /* Debug */ = {
			isa = XCBuildConfiguration;
			buildSettings = {
				GCC_PRECOMPILE_PREFIX_HEADER = YES;
				GCC_PREFIX_HEADER = "ItsAZooInThere/ItsAZooInThere-Prefix.pch";
				INFOPLIST_FILE = "ItsAZooInThere/ItsAZooInThere-Info.plist";
				PRODUCT_NAME = "$(TARGET_NAME)";
				WRAPPER_EXTENSION = app;
			};
			name = Debug;
		};
		37D48BC816E5C22700108733 /* Release */ = {
			isa = XCBuildConfiguration;
			buildSettings = {
				GCC_PRECOMPILE_PREFIX_HEADER = YES;
				GCC_PREFIX_HEADER = "ItsAZooInThere/ItsAZooInThere-Prefix.pch";
				INFOPLIST_FILE = "ItsAZooInThere/ItsAZooInThere-Info.plist";
				PRODUCT_NAME = "$(TARGET_NAME)";
				WRAPPER_EXTENSION = app;
			};
			name = Release;
		};
/* End XCBuildConfiguration section */

/* Begin XCConfigurationList section */
		37D48B9E16E5C22700108733 /* Build configuration list for PBXProject "ItsAZooInThere" */ = {
			isa = XCConfigurationList;
			buildConfigurations = (
				37D48BC416E5C22700108733 /* Debug */,
				37D48BC516E5C22700108733 /* Release */,
			);
			defaultConfigurationIsVisible = 0;
			defaultConfigurationName = Release;
		};
		37D48BC616E5C22700108733 /* Build configuration list for PBXNativeTarget "ItsAZooInThere" */ = {
			isa = XCConfigurationList;
			buildConfigurations = (
				37D48BC716E5C22700108733 /* Debug */,
				37D48BC816E5C22700108733 /* Release */,
			);
			defaultConfigurationIsVisible = 0;
			defaultConfigurationName = Release;
		};
/* End XCConfigurationList section */
	};
	rootObject = 37D48B9B16E5C22700108733 /* Project object */;
}
